
Microsoft Visual Studio Solution File, Format Version 12.00
# Visual Studio Version 17
VisualStudioVersion = 17.3.32901.215
MinimumVisualStudioVersion = 10.0.40219.1
Project("{FAE04EC0-301F-11D3-BF4B-00C04F79EFBC}") = "GeneticKeyboard", "GeneticKeyboard\GeneticKeyboard.csproj", "{071DBCB0-3AC3-42E9-BE20-9B002DF65E80}"
EndProject
Global
	GlobalSection(SolutionConfigurationPlatforms) = preSolution
		Debug|Any CPU = Debug|Any CPU
		Release|Any CPU = Release|Any CPU
	EndGlobalSection
	GlobalSection(ProjectConfigurationPlatforms) = postSolution
		{071DBCB0-3AC3-42E9-BE20-9B002DF65E80}.Debug|Any CPU.ActiveCfg = Debug|Any CPU
		{071DBCB0-3AC3-42E9-BE20-9B002DF65E80}.Debug|Any CPU.Build.0 = Debug|Any CPU
		{071DBCB0-3AC3-42E9-BE20-9B002DF65E80}.Release|Any CPU.ActiveCfg = Release|Any CPU
		{071DBCB0-3AC3-42E9-BE20-9B002DF65E80}.Release|Any CPU.Build.0 = Release|Any CPU
	EndGlobalSection
	GlobalSection(SolutionProperties) = preSolution
		HideSolutionNode = FALSE
	EndGlobalSection
	GlobalSection(ExtensibilityGlobals) = postSolution
		SolutionGuid = {53C4977F-CD8F-4BFB-837B-610379975E6F}
	EndGlobalSection
EndGlobal
